# THIS IS AN AUTOGENERATED FILE. DO NOT EDIT THIS FILE DIRECTLY.
# yarn lockfile v1


tsd-lite@^0.6.0:
  version "0.6.0"
  resolved "https://registry.yarnpkg.com/tsd-lite/-/tsd-lite-0.6.0.tgz#17e4b706d413a77616c182bd5afdd7fdeaf9901f"
  integrity sha512-jmFgQjXbiqbHn/zvShB/ND9NfnCFgiRED8F8xVVdQP58b/QylvxbWf01ofrwhvBpU0mTgN4jTs06laKpE9KEqA==
